
Microsoft Visual Studio Solution File, Format Version 12.00
# Visual Studio Version 17
VisualStudioVersion = 17.5.002.0
MinimumVisualStudioVersion = 10.0.40219.1
Project("{9A19103F-16F7-4668-BE54-9A1E7A4F7556}") = "AuthTokenDemo", "AuthTokenDemo\AuthTokenDemo.csproj", "{19B77F82-7E1F-4D4F-A085-AAD289512FBB}"
EndProject
Project("{FAE04EC0-301F-11D3-BF4B-00C04F79EFBC}") = "AuthTokenDemo.Tests", "AuthTokenDemo.Tests\AuthTokenDemo.Tests.csproj", "{A6026127-4720-4EB9-A036-86A690E362EF}"
EndProject
Global
	GlobalSection(SolutionConfigurationPlatforms) = preSolution
		Debug|Any CPU = Debug|Any CPU
		Release|Any CPU = Release|Any CPU
	EndGlobalSection
	GlobalSection(ProjectConfigurationPlatforms) = postSolution
		{19B77F82-7E1F-4D4F-A085-AAD289512FBB}.Debug|Any CPU.ActiveCfg = Debug|Any CPU
		{19B77F82-7E1F-4D4F-A085-AAD289512FBB}.Debug|Any CPU.Build.0 = Debug|Any CPU
		{19B77F82-7E1F-4D4F-A085-AAD289512FBB}.Release|Any CPU.ActiveCfg = Release|Any CPU
		{19B77F82-7E1F-4D4F-A085-AAD289512FBB}.Release|Any CPU.Build.0 = Release|Any CPU
		{A6026127-4720-4EB9-A036-86A690E362EF}.Debug|Any CPU.ActiveCfg = Debug|Any CPU
		{A6026127-4720-4EB9-A036-86A690E362EF}.Debug|Any CPU.Build.0 = Debug|Any CPU
		{A6026127-4720-4EB9-A036-86A690E362EF}.Release|Any CPU.ActiveCfg = Release|Any CPU
		{A6026127-4720-4EB9-A036-86A690E362EF}.Release|Any CPU.Build.0 = Release|Any CPU
	EndGlobalSection
	GlobalSection(SolutionProperties) = preSolution
		HideSolutionNode = FALSE
	EndGlobalSection
	GlobalSection(ExtensibilityGlobals) = postSolution
		SolutionGuid = {BAFA3FBE-2237-4040-86A7-BB911AE9A43B}
	EndGlobalSection
EndGlobal
